
Microsoft Visual Studio Solution File, Format Version 12.00
# Visual Studio Version 16
VisualStudioVersion = 16.0.29324.140
MinimumVisualStudioVersion = 10.0.40219.1
Project("{9A19103F-16F7-4668-BE54-9A1E7A4F7556}") = "Acme.Composition", "Acme.Composition\Acme.Composition.csproj", "{EAB12F17-A523-473E-8CDE-8E4A88A1B4CE}"
EndProject
Project("{2150E333-8FDC-42A3-9474-1A3956D46DE8}") = "Solution Items", "Solution Items", "{5E4EBA0F-4D8B-4A23-9C3A-A89A2E57837B}"
	ProjectSection(SolutionItems) = preProject
		NuGet.config = NuGet.config
		README.md = README.md
	EndProjectSection
EndProject
Global
	GlobalSection(SolutionConfigurationPlatforms) = preSolution
		Debug|Any CPU = Debug|Any CPU
		Release|Any CPU = Release|Any CPU
	EndGlobalSection
	GlobalSection(ProjectConfigurationPlatforms) = postSolution
		{EAB12F17-A523-473E-8CDE-8E4A88A1B4CE}.Debug|Any CPU.ActiveCfg = Debug|Any CPU
		{EAB12F17-A523-473E-8CDE-8E4A88A1B4CE}.Debug|Any CPU.Build.0 = Debug|Any CPU
		{EAB12F17-A523-473E-8CDE-8E4A88A1B4CE}.Release|Any CPU.ActiveCfg = Release|Any CPU
		{EAB12F17-A523-473E-8CDE-8E4A88A1B4CE}.Release|Any CPU.Build.0 = Release|Any CPU
	EndGlobalSection
	GlobalSection(SolutionProperties) = preSolution
		HideSolutionNode = FALSE
	EndGlobalSection
	GlobalSection(ExtensibilityGlobals) = postSolution
		SolutionGuid = {984FA9B5-7F7D-4075-A0C5-72692DAFC9BD}
	EndGlobalSection
EndGlobal
